{
    "_readme": [
        "This file locks the dependencies of your project to a known state",
        "Read more about it at https://getcomposer.org/doc/01-basic-usage.md#installing-dependencies",
        "This file is @generated automatically"
    ],
    "content-hash": "32357f3657d940eb3f4676ec1c036211",
    "packages": [
        {
            "name": "artetecha/upsun-wp",
            "version": "0.4.1",
            "source": {
                "type": "git",
                "url": "https://github.com/artetecha/upsun-wp.git",
                "reference": "b86ecdf77b7711c2dd36b0f00d66a082e7e2814a"
            },
            "dist": {
                "type": "zip",
                "url": "https://api.github.com/repos/artetecha/upsun-wp/zipball/b86ecdf77b7711c2dd36b0f00d66a082e7e2814a",
                "reference": "b86ecdf77b7711c2dd36b0f00d66a082e7e2814a",
                "shasum": ""
            },
            "require": {
                "php": ">=8.1"
            },
            "require-dev": {
                "phpunit/phpunit": "^10.5"
            },
            "type": "wordpress-muplugin",
            "extra": {
                "installer-name": "upsun"
            },
            "notification-url": "https://packagist.org/downloads/",
            "license": [
                "MIT"
            ],
            "authors": [
                {
                    "name": "Vince Russo",
                    "homepage": "https://artetecha.com"
                }
            ],
            "description": "Must-use plugin integrating WordPress with the Upsun platform: environment awareness, router-cache friendliness, safe preview clones, deploy migrations, Site Health checks, and a wp upsun CLI command.",
            "homepage": "https://upsun.artetecha.com/",
            "keywords": [
                "mu-plugin",
                "platformsh",
                "upsun",
                "wordpress"
            ],
            "support": {
                "issues": "https://github.com/artetecha/upsun-wp/issues",
                "source": "https://github.com/artetecha/upsun-wp"
            },
            "time": "2026-07-15T20:08:50+00:00"
        },
        {
            "name": "composer/installers",
            "version": "v2.3.0",
            "source": {
                "type": "git",
                "url": "https://github.com/composer/installers.git",
                "reference": "12fb2dfe5e16183de69e784a7b84046c43d97e8e"
            },
            "dist": {
                "type": "zip",
                "url": "https://api.github.com/repos/composer/installers/zipball/12fb2dfe5e16183de69e784a7b84046c43d97e8e",
                "reference": "12fb2dfe5e16183de69e784a7b84046c43d97e8e",
                "shasum": ""
            },
            "require": {
                "composer-plugin-api": "^1.0 || ^2.0",
                "php": "^7.2 || ^8.0"
            },
            "require-dev": {
                "composer/composer": "^1.10.27 || ^2.7",
                "composer/semver": "^1.7.2 || ^3.4.0",
                "phpstan/phpstan": "^1.11",
                "phpstan/phpstan-phpunit": "^1",
                "symfony/phpunit-bridge": "^7.1.1",
                "symfony/process": "^5 || ^6 || ^7"
            },
            "type": "composer-plugin",
            "extra": {
                "class": "Composer\\Installers\\Plugin",
                "branch-alias": {
                    "dev-main": "2.x-dev"
                },
                "plugin-modifies-install-path": true
            },
            "autoload": {
                "psr-4": {
                    "Composer\\Installers\\": "src/Composer/Installers"
                }
            },
            "notification-url": "https://packagist.org/downloads/",
            "license": [
                "MIT"
            ],
            "authors": [
                {
                    "name": "Kyle Robinson Young",
                    "email": "kyle@dontkry.com",
                    "homepage": "https://github.com/shama"
                }
            ],
            "description": "A multi-framework Composer library installer",
            "homepage": "https://composer.github.io/installers/",
            "keywords": [
                "Dolibarr",
                "Eliasis",
                "Hurad",
                "ImageCMS",
                "Kanboard",
                "Lan Management System",
                "MODX Evo",
                "MantisBT",
                "Mautic",
                "Maya",
                "OXID",
                "Plentymarkets",
                "Porto",
                "RadPHP",
                "SMF",
                "Starbug",
                "Thelia",
                "Whmcs",
                "WolfCMS",
                "agl",
                "annotatecms",
                "attogram",
                "bitrix",
                "cakephp",
                "chef",
                "cockpit",
                "codeigniter",
                "concrete5",
                "concreteCMS",
                "croogo",
                "dokuwiki",
                "drupal",
                "eZ Platform",
                "elgg",
                "expressionengine",
                "fuelphp",
                "grav",
                "installer",
                "itop",
                "known",
                "kohana",
                "laravel",
                "lavalite",
                "lithium",
                "magento",
                "majima",
                "mako",
                "matomo",
                "mediawiki",
                "miaoxing",
                "modulework",
                "modx",
                "moodle",
                "osclass",
                "pantheon",
                "phpbb",
                "piwik",
                "ppi",
                "processwire",
                "puppet",
                "pxcms",
                "reindex",
                "roundcube",
                "shopware",
                "silverstripe",
                "sydes",
                "sylius",
                "tastyigniter",
                "wordpress",
                "yawik",
                "zend",
                "zikula"
            ],
            "support": {
                "issues": "https://github.com/composer/installers/issues",
                "source": "https://github.com/composer/installers/tree/v2.3.0"
            },
            "funding": [
                {
                    "url": "https://packagist.com",
                    "type": "custom"
                },
                {
                    "url": "https://github.com/composer",
                    "type": "github"
                },
                {
                    "url": "https://tidelift.com/funding/github/packagist/composer/composer",
                    "type": "tidelift"
                }
            ],
            "time": "2024-06-24T20:46:46+00:00"
        },
        {
            "name": "johnpbloch/wordpress-core",
            "version": "7.0.1",
            "source": {
                "type": "git",
                "url": "https://github.com/johnpbloch/wordpress-core.git",
                "reference": "0c01203eef6b96b4d99a1418833d5b0a6740e594"
            },
            "dist": {
                "type": "zip",
                "url": "https://api.github.com/repos/johnpbloch/wordpress-core/zipball/0c01203eef6b96b4d99a1418833d5b0a6740e594",
                "reference": "0c01203eef6b96b4d99a1418833d5b0a6740e594",
                "shasum": ""
            },
            "require": {
                "ext-json": "*",
                "php": ">=7.4"
            },
            "provide": {
                "wordpress/core-implementation": "7.0.1"
            },
            "type": "wordpress-core",
            "notification-url": "https://packagist.org/downloads/",
            "license": [
                "GPL-2.0-or-later"
            ],
            "authors": [
                {
                    "name": "WordPress Community",
                    "homepage": "https://wordpress.org/about/"
                }
            ],
            "description": "WordPress is open source software you can use to create a beautiful website, blog, or app.",
            "homepage": "https://wordpress.org/",
            "keywords": [
                "blog",
                "cms",
                "wordpress"
            ],
            "support": {
                "forum": "https://wordpress.org/support/",
                "irc": "irc://irc.freenode.net/wordpress",
                "issues": "https://core.trac.wordpress.org/",
                "source": "https://core.trac.wordpress.org/browser",
                "wiki": "https://codex.wordpress.org/"
            },
            "time": "2026-07-09T17:30:46+00:00"
        },
        {
            "name": "johnpbloch/wordpress-core-installer",
            "version": "2.0.0",
            "source": {
                "type": "git",
                "url": "https://github.com/johnpbloch/wordpress-core-installer.git",
                "reference": "237faae9a60a4a2e1d45dce1a5836ffa616de63e"
            },
            "dist": {
                "type": "zip",
                "url": "https://api.github.com/repos/johnpbloch/wordpress-core-installer/zipball/237faae9a60a4a2e1d45dce1a5836ffa616de63e",
                "reference": "237faae9a60a4a2e1d45dce1a5836ffa616de63e",
                "shasum": ""
            },
            "require": {
                "composer-plugin-api": "^1.0 || ^2.0",
                "php": ">=5.6.0"
            },
            "conflict": {
                "composer/installers": "<1.0.6"
            },
            "require-dev": {
                "composer/composer": "^1.0 || ^2.0",
                "phpunit/phpunit": ">=5.7.27"
            },
            "type": "composer-plugin",
            "extra": {
                "class": "johnpbloch\\Composer\\WordPressCorePlugin"
            },
            "autoload": {
                "psr-0": {
                    "johnpbloch\\Composer\\": "src/"
                }
            },
            "notification-url": "https://packagist.org/downloads/",
            "license": [
                "GPL-2.0-or-later"
            ],
            "authors": [
                {
                    "name": "John P. Bloch",
                    "email": "me@johnpbloch.com"
                }
            ],
            "description": "A custom installer to handle deploying WordPress with composer",
            "keywords": [
                "wordpress"
            ],
            "support": {
                "issues": "https://github.com/johnpbloch/wordpress-core-installer/issues",
                "source": "https://github.com/johnpbloch/wordpress-core-installer/tree/master"
            },
            "time": "2020-04-16T21:44:57+00:00"
        },
        {
            "name": "keds-plugin/fluentcampaign-pro",
            "version": "3.1.8",
            "dist": {
                "type": "path",
                "url": "private-packages/plugins/fluentcampaign-pro",
                "reference": "8d5bfc0d78ea1ad1d2203fa8d2b01de487ec3da2"
            },
            "type": "wordpress-plugin",
            "extra": {
                "branch-alias": {
                    "dev-master": "2.0.x-dev"
                },
                "wpfluent": {
                    "namespace": {
                        "current": "FluentCampaign",
                        "parent": "FluentCrm"
                    }
                }
            },
            "license": [
                "MIT"
            ],
            "authors": [
                {
                    "name": "Sheikh Heera",
                    "email": "heera.sheikh77@gmail.com"
                }
            ],
            "description": "WPFluent - The best framework to build WordPress plugins.",
            "keywords": [
                "WPFluent",
                "WordPress",
                "framework"
            ],
            "transport-options": {
                "symlink": false,
                "relative": true
            }
        },
        {
            "name": "keds-plugin/fluentformpro",
            "version": "6.2.4",
            "dist": {
                "type": "path",
                "url": "private-packages/plugins/fluentformpro",
                "reference": "dad4ecbcb06778aa8e6ff43bae6c21dfad0a9a24"
            },
            "type": "wordpress-plugin",
            "transport-options": {
                "symlink": false,
                "relative": true
            }
        },
        {
            "name": "keds-plugin/learnpress-2checkout-payment",
            "version": "4.0.2",
            "dist": {
                "type": "path",
                "url": "private-packages/plugins/learnpress-2checkout-payment",
                "reference": "a4e48dfe65c6b325fc58217da66ae34d9310de0c"
            },
            "type": "wordpress-plugin",
            "transport-options": {
                "symlink": false,
                "relative": true
            }
        },
        {
            "name": "keds-plugin/learnpress-assignments",
            "version": "4.2.1",
            "dist": {
                "type": "path",
                "url": "private-packages/plugins/learnpress-assignments",
                "reference": "74fd6cd03b8458e3ddad533e2471380a8a38ca0b"
            },
            "type": "wordpress-plugin",
            "transport-options": {
                "symlink": false,
                "relative": true
            }
        },
        {
            "name": "keds-plugin/learnpress-certificates",
            "version": "4.2.6",
            "dist": {
                "type": "path",
                "url": "private-packages/plugins/learnpress-certificates",
                "reference": "04ebdb7753142601b387066c52ed3c5a9459b098"
            },
            "type": "wordpress-plugin",
            "transport-options": {
                "symlink": false,
                "relative": true
            }
        },
        {
            "name": "keds-plugin/learnpress-co-instructor",
            "version": "4.1.1",
            "dist": {
                "type": "path",
                "url": "private-packages/plugins/learnpress-co-instructor",
                "reference": "4ce4e2e3daf882cbed2b876bf8588b7af02654e8"
            },
            "type": "wordpress-plugin",
            "transport-options": {
                "symlink": false,
                "relative": true
            }
        },
        {
            "name": "keds-plugin/learnpress-course-review",
            "version": "4.2.0",
            "dist": {
                "type": "path",
                "url": "private-packages/plugins/learnpress-course-review",
                "reference": "9ec00899e1fb0cb71fecc0d3c4cd9da03be92551"
            },
            "type": "wordpress-plugin",
            "transport-options": {
                "symlink": false,
                "relative": true
            }
        },
        {
            "name": "keds-plugin/learnpress-gradebook",
            "version": "4.1.2",
            "dist": {
                "type": "path",
                "url": "private-packages/plugins/learnpress-gradebook",
                "reference": "daa591be319a80a964ace72e0768749b3bfca902"
            },
            "type": "wordpress-plugin",
            "transport-options": {
                "symlink": false,
                "relative": true
            }
        },
        {
            "name": "keds-plugin/learnpress-mycred",
            "version": "4.0.2",
            "dist": {
                "type": "path",
                "url": "private-packages/plugins/learnpress-mycred",
                "reference": "f01b9f6587fb9f6e53b6d661ef52b267cfde759f"
            },
            "type": "wordpress-plugin",
            "transport-options": {
                "symlink": false,
                "relative": true
            }
        },
        {
            "name": "keds-plugin/learnpress-paid-membership-pro",
            "version": "4.1.2",
            "dist": {
                "type": "path",
                "url": "private-packages/plugins/learnpress-paid-membership-pro",
                "reference": "0f1c5664d8730457ca0a39d5a9ce1aab6cf29337"
            },
            "type": "wordpress-plugin",
            "transport-options": {
                "symlink": false,
                "relative": true
            }
        },
        {
            "name": "keds-plugin/learnpress-stripe",
            "version": "4.0.6",
            "dist": {
                "type": "path",
                "url": "private-packages/plugins/learnpress-stripe",
                "reference": "9954caace8c21fbb5e21f0bd01ea4c91a528e1f1"
            },
            "type": "wordpress-plugin",
            "transport-options": {
                "symlink": false,
                "relative": true
            }
        },
        {
            "name": "keds-plugin/learnpress-students-list",
            "version": "4.0.3",
            "dist": {
                "type": "path",
                "url": "private-packages/plugins/learnpress-students-list",
                "reference": "956ad65fdcc9f9957b220545853998851ed11630"
            },
            "type": "wordpress-plugin",
            "transport-options": {
                "symlink": false,
                "relative": true
            }
        },
        {
            "name": "keds-plugin/learnpress-upsell",
            "version": "4.0.9",
            "dist": {
                "type": "path",
                "url": "private-packages/plugins/learnpress-upsell",
                "reference": "b915af72b2c1e1c0fbe6abf753bb17ae97a3815d"
            },
            "type": "wordpress-plugin",
            "transport-options": {
                "symlink": false,
                "relative": true
            }
        },
        {
            "name": "keds-plugin/learnpress-wishlist",
            "version": "4.1.1",
            "dist": {
                "type": "path",
                "url": "private-packages/plugins/learnpress-wishlist",
                "reference": "ef856857f36f981320143a450466dda55406ce6d"
            },
            "type": "wordpress-plugin",
            "transport-options": {
                "symlink": false,
                "relative": true
            }
        },
        {
            "name": "keds-plugin/learnpress-woo-payment",
            "version": "4.2.3",
            "dist": {
                "type": "path",
                "url": "private-packages/plugins/learnpress-woo-payment",
                "reference": "127b1855dd457ada487e6c9ee745ecaa3774f5ee"
            },
            "type": "wordpress-plugin",
            "transport-options": {
                "symlink": false,
                "relative": true
            }
        },
        {
            "name": "keds-plugin/paid-memberships-pro",
            "version": "3.7.4",
            "dist": {
                "type": "path",
                "url": "private-packages/plugins/paid-memberships-pro",
                "reference": "d95ebf4d06043ed1376fa8d9b3dd4117d636461d"
            },
            "type": "wordpress-plugin",
            "transport-options": {
                "symlink": false,
                "relative": true
            }
        },
        {
            "name": "keds-plugin/revslider",
            "version": "7.1.1",
            "dist": {
                "type": "path",
                "url": "private-packages/plugins/revslider",
                "reference": "d99a460e9ddd24f8ff23afe92975246a052a5e45"
            },
            "type": "wordpress-plugin",
            "transport-options": {
                "symlink": false,
                "relative": true
            }
        },
        {
            "name": "keds-plugin/thim-core",
            "version": "2.4.9",
            "dist": {
                "type": "path",
                "url": "private-packages/plugins/thim-core",
                "reference": "96f39838e93af95d02b61342d37bdc3de11f9fbd"
            },
            "type": "wordpress-plugin",
            "transport-options": {
                "symlink": false,
                "relative": true
            }
        },
        {
            "name": "keds-plugin/thim-elementor-kit",
            "version": "1.4.4",
            "dist": {
                "type": "path",
                "url": "private-packages/plugins/thim-elementor-kit",
                "reference": "c4d033118584052cda10626618c58600d2eda2f7"
            },
            "type": "wordpress-plugin",
            "transport-options": {
                "symlink": false,
                "relative": true
            }
        },
        {
            "name": "keds-plugin/tp-portfolio",
            "version": "2.1.0",
            "dist": {
                "type": "path",
                "url": "private-packages/plugins/tp-portfolio",
                "reference": "6020775ea7a3c82f6a20474937d2fd438af3e45b"
            },
            "type": "wordpress-plugin",
            "transport-options": {
                "symlink": false,
                "relative": true
            }
        },
        {
            "name": "keds-plugin/wp-events-manager",
            "version": "2.2.4",
            "dist": {
                "type": "path",
                "url": "private-packages/plugins/wp-events-manager",
                "reference": "544016519a267e6146f780f253b9b5aa6ecfe058"
            },
            "type": "wordpress-plugin",
            "transport-options": {
                "symlink": false,
                "relative": true
            }
        },
        {
            "name": "keds-theme/eduma",
            "version": "5.9.3",
            "dist": {
                "type": "path",
                "url": "private-packages/themes/eduma",
                "reference": "31dfc07f8c4a62d1485495c0b51f435a680b323c"
            },
            "type": "wordpress-theme",
            "transport-options": {
                "symlink": false,
                "relative": true
            }
        },
        {
            "name": "platformsh/config-reader",
            "version": "3.0.1",
            "source": {
                "type": "git",
                "url": "https://github.com/platformsh/config-reader-php.git",
                "reference": "cab2b6c0cdfc318df09a64136957dc1fc308f418"
            },
            "dist": {
                "type": "zip",
                "url": "https://api.github.com/repos/platformsh/config-reader-php/zipball/cab2b6c0cdfc318df09a64136957dc1fc308f418",
                "reference": "cab2b6c0cdfc318df09a64136957dc1fc308f418",
                "shasum": ""
            },
            "require": {
                "php": ">=7.4"
            },
            "require-dev": {
                "phpunit/phpunit": "^8.5"
            },
            "type": "library",
            "autoload": {
                "psr-4": {
                    "Platformsh\\ConfigReader\\": "src"
                }
            },
            "notification-url": "https://packagist.org/downloads/",
            "license": [
                "MIT"
            ],
            "authors": [
                {
                    "name": "Larry Garfield",
                    "email": "larry@platform.sh"
                }
            ],
            "description": "Small helper to access Platform.sh environment variables",
            "support": {
                "issues": "https://github.com/platformsh/config-reader-php/issues",
                "source": "https://github.com/platformsh/config-reader-php/tree/3.0.1"
            },
            "time": "2025-02-25T17:22:15+00:00"
        },
        {
            "name": "wpackagist-plugin/akismet",
            "version": "5.7",
            "source": {
                "type": "svn",
                "url": "https://plugins.svn.wordpress.org/akismet/",
                "reference": "tags/5.7"
            },
            "dist": {
                "type": "zip",
                "url": "https://downloads.wordpress.org/plugin/akismet.5.7.zip"
            },
            "require": {
                "composer/installers": "^1.0 || ^2.0"
            },
            "type": "wordpress-plugin",
            "homepage": "https://wordpress.org/plugins/akismet/"
        },
        {
            "name": "wpackagist-plugin/auto-sizes",
            "version": "1.7.0",
            "source": {
                "type": "svn",
                "url": "https://plugins.svn.wordpress.org/auto-sizes/",
                "reference": "tags/1.7.0"
            },
            "dist": {
                "type": "zip",
                "url": "https://downloads.wordpress.org/plugin/auto-sizes.1.7.0.zip"
            },
            "require": {
                "composer/installers": "^1.0 || ^2.0"
            },
            "type": "wordpress-plugin",
            "homepage": "https://wordpress.org/plugins/auto-sizes/"
        },
        {
            "name": "wpackagist-plugin/autodescription",
            "version": "5.1.4",
            "source": {
                "type": "svn",
                "url": "https://plugins.svn.wordpress.org/autodescription/",
                "reference": "tags/5.1.4"
            },
            "dist": {
                "type": "zip",
                "url": "https://downloads.wordpress.org/plugin/autodescription.5.1.4.zip"
            },
            "require": {
                "composer/installers": "^1.0 || ^2.0"
            },
            "type": "wordpress-plugin",
            "homepage": "https://wordpress.org/plugins/autodescription/"
        },
        {
            "name": "wpackagist-plugin/autoptimize",
            "version": "3.1.15.1",
            "source": {
                "type": "svn",
                "url": "https://plugins.svn.wordpress.org/autoptimize/",
                "reference": "tags/3.1.15.1"
            },
            "dist": {
                "type": "zip",
                "url": "https://downloads.wordpress.org/plugin/autoptimize.3.1.15.1.zip"
            },
            "require": {
                "composer/installers": "^1.0 || ^2.0"
            },
            "type": "wordpress-plugin",
            "homepage": "https://wordpress.org/plugins/autoptimize/"
        },
        {
            "name": "wpackagist-plugin/contact-form-7",
            "version": "6.1.6",
            "source": {
                "type": "svn",
                "url": "https://plugins.svn.wordpress.org/contact-form-7/",
                "reference": "tags/6.1.6"
            },
            "dist": {
                "type": "zip",
                "url": "https://downloads.wordpress.org/plugin/contact-form-7.6.1.6.zip"
            },
            "require": {
                "composer/installers": "^1.0 || ^2.0"
            },
            "type": "wordpress-plugin",
            "homepage": "https://wordpress.org/plugins/contact-form-7/"
        },
        {
            "name": "wpackagist-plugin/dominant-color-images",
            "version": "1.2.1",
            "source": {
                "type": "svn",
                "url": "https://plugins.svn.wordpress.org/dominant-color-images/",
                "reference": "tags/1.2.1"
            },
            "dist": {
                "type": "zip",
                "url": "https://downloads.wordpress.org/plugin/dominant-color-images.1.2.1.zip"
            },
            "require": {
                "composer/installers": "^1.0 || ^2.0"
            },
            "type": "wordpress-plugin",
            "homepage": "https://wordpress.org/plugins/dominant-color-images/"
        },
        {
            "name": "wpackagist-plugin/elementor",
            "version": "4.1.5",
            "source": {
                "type": "svn",
                "url": "https://plugins.svn.wordpress.org/elementor/",
                "reference": "tags/4.1.5"
            },
            "dist": {
                "type": "zip",
                "url": "https://downloads.wordpress.org/plugin/elementor.4.1.5.zip"
            },
            "require": {
                "composer/installers": "^1.0 || ^2.0"
            },
            "type": "wordpress-plugin",
            "homepage": "https://wordpress.org/plugins/elementor/"
        },
        {
            "name": "wpackagist-plugin/embed-optimizer",
            "version": "1.0.0-beta5",
            "source": {
                "type": "svn",
                "url": "https://plugins.svn.wordpress.org/embed-optimizer/",
                "reference": "tags/1.0.0-beta5"
            },
            "dist": {
                "type": "zip",
                "url": "https://downloads.wordpress.org/plugin/embed-optimizer.1.0.0-beta5.zip"
            },
            "require": {
                "composer/installers": "^1.0 || ^2.0"
            },
            "type": "wordpress-plugin",
            "homepage": "https://wordpress.org/plugins/embed-optimizer/"
        },
        {
            "name": "wpackagist-plugin/fluent-crm",
            "version": "3.1.8",
            "source": {
                "type": "svn",
                "url": "https://plugins.svn.wordpress.org/fluent-crm/",
                "reference": "tags/3.1.8"
            },
            "dist": {
                "type": "zip",
                "url": "https://downloads.wordpress.org/plugin/fluent-crm.3.1.8.zip"
            },
            "require": {
                "composer/installers": "^1.0 || ^2.0"
            },
            "type": "wordpress-plugin",
            "homepage": "https://wordpress.org/plugins/fluent-crm/"
        },
        {
            "name": "wpackagist-plugin/fluentform",
            "version": "6.2.6",
            "source": {
                "type": "svn",
                "url": "https://plugins.svn.wordpress.org/fluentform/",
                "reference": "tags/6.2.6"
            },
            "dist": {
                "type": "zip",
                "url": "https://downloads.wordpress.org/plugin/fluentform.6.2.6.zip"
            },
            "require": {
                "composer/installers": "^1.0 || ^2.0"
            },
            "type": "wordpress-plugin",
            "homepage": "https://wordpress.org/plugins/fluentform/"
        },
        {
            "name": "wpackagist-plugin/google-listings-and-ads",
            "version": "3.7.3",
            "source": {
                "type": "svn",
                "url": "https://plugins.svn.wordpress.org/google-listings-and-ads/",
                "reference": "tags/3.7.3"
            },
            "dist": {
                "type": "zip",
                "url": "https://downloads.wordpress.org/plugin/google-listings-and-ads.3.7.3.zip"
            },
            "require": {
                "composer/installers": "^1.0 || ^2.0"
            },
            "type": "wordpress-plugin",
            "homepage": "https://wordpress.org/plugins/google-listings-and-ads/"
        },
        {
            "name": "wpackagist-plugin/google-site-kit",
            "version": "1.183.0",
            "source": {
                "type": "svn",
                "url": "https://plugins.svn.wordpress.org/google-site-kit/",
                "reference": "tags/1.183.0"
            },
            "dist": {
                "type": "zip",
                "url": "https://downloads.wordpress.org/plugin/google-site-kit.1.183.0.zip"
            },
            "require": {
                "composer/installers": "^1.0 || ^2.0"
            },
            "type": "wordpress-plugin",
            "homepage": "https://wordpress.org/plugins/google-site-kit/"
        },
        {
            "name": "wpackagist-plugin/honeypot",
            "version": "2.4.02",
            "source": {
                "type": "svn",
                "url": "https://plugins.svn.wordpress.org/honeypot/",
                "reference": "tags/2.4.02"
            },
            "dist": {
                "type": "zip",
                "url": "https://downloads.wordpress.org/plugin/honeypot.2.4.02.zip"
            },
            "require": {
                "composer/installers": "^1.0 || ^2.0"
            },
            "type": "wordpress-plugin",
            "homepage": "https://wordpress.org/plugins/honeypot/"
        },
        {
            "name": "wpackagist-plugin/host-webfonts-local",
            "version": "6.3.8",
            "source": {
                "type": "svn",
                "url": "https://plugins.svn.wordpress.org/host-webfonts-local/",
                "reference": "tags/6.3.8"
            },
            "dist": {
                "type": "zip",
                "url": "https://downloads.wordpress.org/plugin/host-webfonts-local.6.3.8.zip"
            },
            "require": {
                "composer/installers": "^1.0 || ^2.0"
            },
            "type": "wordpress-plugin",
            "homepage": "https://wordpress.org/plugins/host-webfonts-local/"
        },
        {
            "name": "wpackagist-plugin/image-prioritizer",
            "version": "1.0.0-beta3",
            "source": {
                "type": "svn",
                "url": "https://plugins.svn.wordpress.org/image-prioritizer/",
                "reference": "tags/1.0.0-beta3"
            },
            "dist": {
                "type": "zip",
                "url": "https://downloads.wordpress.org/plugin/image-prioritizer.1.0.0-beta3.zip"
            },
            "require": {
                "composer/installers": "^1.0 || ^2.0"
            },
            "type": "wordpress-plugin",
            "homepage": "https://wordpress.org/plugins/image-prioritizer/"
        },
        {
            "name": "wpackagist-plugin/learnpress",
            "version": "4.4.2",
            "source": {
                "type": "svn",
                "url": "https://plugins.svn.wordpress.org/learnpress/",
                "reference": "tags/4.4.2"
            },
            "dist": {
                "type": "zip",
                "url": "https://downloads.wordpress.org/plugin/learnpress.4.4.2.zip"
            },
            "require": {
                "composer/installers": "^1.0 || ^2.0"
            },
            "type": "wordpress-plugin",
            "homepage": "https://wordpress.org/plugins/learnpress/"
        },
        {
            "name": "wpackagist-plugin/mailchimp-for-wp",
            "version": "4.13.1",
            "source": {
                "type": "svn",
                "url": "https://plugins.svn.wordpress.org/mailchimp-for-wp/",
                "reference": "tags/4.13.1"
            },
            "dist": {
                "type": "zip",
                "url": "https://downloads.wordpress.org/plugin/mailchimp-for-wp.4.13.1.zip"
            },
            "require": {
                "composer/installers": "^1.0 || ^2.0"
            },
            "type": "wordpress-plugin",
            "homepage": "https://wordpress.org/plugins/mailchimp-for-wp/"
        },
        {
            "name": "wpackagist-plugin/optimization-detective",
            "version": "1.0.0-beta5",
            "source": {
                "type": "svn",
                "url": "https://plugins.svn.wordpress.org/optimization-detective/",
                "reference": "tags/1.0.0-beta5"
            },
            "dist": {
                "type": "zip",
                "url": "https://downloads.wordpress.org/plugin/optimization-detective.1.0.0-beta5.zip"
            },
            "require": {
                "composer/installers": "^1.0 || ^2.0"
            },
            "type": "wordpress-plugin",
            "homepage": "https://wordpress.org/plugins/optimization-detective/"
        },
        {
            "name": "wpackagist-plugin/performance-lab",
            "version": "4.2.0",
            "source": {
                "type": "svn",
                "url": "https://plugins.svn.wordpress.org/performance-lab/",
                "reference": "tags/4.2.0"
            },
            "dist": {
                "type": "zip",
                "url": "https://downloads.wordpress.org/plugin/performance-lab.4.2.0.zip"
            },
            "require": {
                "composer/installers": "^1.0 || ^2.0"
            },
            "type": "wordpress-plugin",
            "homepage": "https://wordpress.org/plugins/performance-lab/"
        },
        {
            "name": "wpackagist-plugin/redirection",
            "version": "5.9.0",
            "source": {
                "type": "svn",
                "url": "https://plugins.svn.wordpress.org/redirection/",
                "reference": "tags/5.9.0"
            },
            "dist": {
                "type": "zip",
                "url": "https://downloads.wordpress.org/plugin/redirection.5.9.0.zip"
            },
            "require": {
                "composer/installers": "^1.0 || ^2.0"
            },
            "type": "wordpress-plugin",
            "homepage": "https://wordpress.org/plugins/redirection/"
        },
        {
            "name": "wpackagist-plugin/redis-cache",
            "version": "2.8.0",
            "source": {
                "type": "svn",
                "url": "https://plugins.svn.wordpress.org/redis-cache/",
                "reference": "tags/2.8.0"
            },
            "dist": {
                "type": "zip",
                "url": "https://downloads.wordpress.org/plugin/redis-cache.2.8.0.zip"
            },
            "require": {
                "composer/installers": "^1.0 || ^2.0"
            },
            "type": "wordpress-plugin",
            "homepage": "https://wordpress.org/plugins/redis-cache/"
        },
        {
            "name": "wpackagist-plugin/speculation-rules",
            "version": "1.6.0",
            "source": {
                "type": "svn",
                "url": "https://plugins.svn.wordpress.org/speculation-rules/",
                "reference": "tags/1.6.0"
            },
            "dist": {
                "type": "zip",
                "url": "https://downloads.wordpress.org/plugin/speculation-rules.1.6.0.zip"
            },
            "require": {
                "composer/installers": "^1.0 || ^2.0"
            },
            "type": "wordpress-plugin",
            "homepage": "https://wordpress.org/plugins/speculation-rules/"
        },
        {
            "name": "wpackagist-plugin/web-worker-offloading",
            "version": "0.2.1",
            "source": {
                "type": "svn",
                "url": "https://plugins.svn.wordpress.org/web-worker-offloading/",
                "reference": "tags/0.2.1"
            },
            "dist": {
                "type": "zip",
                "url": "https://downloads.wordpress.org/plugin/web-worker-offloading.0.2.1.zip"
            },
            "require": {
                "composer/installers": "^1.0 || ^2.0"
            },
            "type": "wordpress-plugin",
            "homepage": "https://wordpress.org/plugins/web-worker-offloading/"
        },
        {
            "name": "wpackagist-plugin/webp-uploads",
            "version": "2.7.1",
            "source": {
                "type": "svn",
                "url": "https://plugins.svn.wordpress.org/webp-uploads/",
                "reference": "tags/2.7.1"
            },
            "dist": {
                "type": "zip",
                "url": "https://downloads.wordpress.org/plugin/webp-uploads.2.7.1.zip"
            },
            "require": {
                "composer/installers": "^1.0 || ^2.0"
            },
            "type": "wordpress-plugin",
            "homepage": "https://wordpress.org/plugins/webp-uploads/"
        },
        {
            "name": "wpackagist-plugin/woocommerce",
            "version": "10.9.4",
            "source": {
                "type": "svn",
                "url": "https://plugins.svn.wordpress.org/woocommerce/",
                "reference": "tags/10.9.4"
            },
            "dist": {
                "type": "zip",
                "url": "https://downloads.wordpress.org/plugin/woocommerce.10.9.4.zip"
            },
            "require": {
                "composer/installers": "^1.0 || ^2.0"
            },
            "type": "wordpress-plugin",
            "homepage": "https://wordpress.org/plugins/woocommerce/"
        },
        {
            "name": "wpackagist-plugin/woocommerce-gateway-stripe",
            "version": "10.8.4",
            "source": {
                "type": "svn",
                "url": "https://plugins.svn.wordpress.org/woocommerce-gateway-stripe/",
                "reference": "tags/10.8.4"
            },
            "dist": {
                "type": "zip",
                "url": "https://downloads.wordpress.org/plugin/woocommerce-gateway-stripe.10.8.4.zip"
            },
            "require": {
                "composer/installers": "^1.0 || ^2.0"
            },
            "type": "wordpress-plugin",
            "homepage": "https://wordpress.org/plugins/woocommerce-gateway-stripe/"
        },
        {
            "name": "wpackagist-plugin/wp-mail-smtp",
            "version": "4.9.0",
            "source": {
                "type": "svn",
                "url": "https://plugins.svn.wordpress.org/wp-mail-smtp/",
                "reference": "tags/4.9.0"
            },
            "dist": {
                "type": "zip",
                "url": "https://downloads.wordpress.org/plugin/wp-mail-smtp.4.9.0.zip"
            },
            "require": {
                "composer/installers": "^1.0 || ^2.0"
            },
            "type": "wordpress-plugin",
            "homepage": "https://wordpress.org/plugins/wp-mail-smtp/"
        },
        {
            "name": "wpackagist-theme/twentytwentyfive",
            "version": "1.5",
            "source": {
                "type": "svn",
                "url": "https://themes.svn.wordpress.org/twentytwentyfive/",
                "reference": "1.5"
            },
            "dist": {
                "type": "zip",
                "url": "https://downloads.wordpress.org/theme/twentytwentyfive.1.5.zip"
            },
            "require": {
                "composer/installers": "^1.0 || ^2.0"
            },
            "type": "wordpress-theme",
            "homepage": "https://wordpress.org/themes/twentytwentyfive/"
        },
        {
            "name": "wpackagist-theme/twentytwentyfour",
            "version": "1.5",
            "source": {
                "type": "svn",
                "url": "https://themes.svn.wordpress.org/twentytwentyfour/",
                "reference": "1.5"
            },
            "dist": {
                "type": "zip",
                "url": "https://downloads.wordpress.org/theme/twentytwentyfour.1.5.zip"
            },
            "require": {
                "composer/installers": "^1.0 || ^2.0"
            },
            "type": "wordpress-theme",
            "homepage": "https://wordpress.org/themes/twentytwentyfour/"
        }
    ],
    "packages-dev": [],
    "aliases": [],
    "minimum-stability": "stable",
    "stability-flags": {
        "wpackagist-plugin/embed-optimizer": 10,
        "wpackagist-plugin/image-prioritizer": 10,
        "wpackagist-plugin/optimization-detective": 10
    },
    "prefer-stable": false,
    "prefer-lowest": false,
    "platform": {
        "php": ">=8.4 <8.5"
    },
    "platform-dev": {},
    "platform-overrides": {
        "php": "8.4.0"
    },
    "plugin-api-version": "2.9.0"
}
